
Microsoft Visual Studio Solution File, Format Version 12.00
# Visual Studio Version 17
VisualStudioVersion = 17.8.34330.188
MinimumVisualStudioVersion = 10.0.40219.1
Project("{9A19103F-16F7-4668-BE54-9A1E7A4F7556}") = "Watsons.TRV2.DTO", "Watsons.TRV2.DTO\Watsons.TRV2.DTO.csproj", "{D84DECED-D459-449B-AE7E-C9035BFD6179}"
EndProject
Project("{9A19103F-16F7-4668-BE54-9A1E7A4F7556}") = "Watsons.TRV2.API.Mobile", "Watsons.TRV2.API.Mobile\Watsons.TRV2.API.Mobile.csproj", "{40E88EC3-E849-4C97-B743-8EAD9DA9BAEF}"
EndProject
Project("{9A19103F-16F7-4668-BE54-9A1E7A4F7556}") = "Watsons.TRV2.Services.Mobile", "Watsons.TRV2.Services.Mobile\Watsons.TRV2.Services.Mobile.csproj", "{4F44D8FB-F6DC-489A-BE71-670CBD76AE72}"
EndProject
Project("{9A19103F-16F7-4668-BE54-9A1E7A4F7556}") = "Watsons.TRV2.DA.MyMaster", "Watsons.TRV2.DA.MyMaster\Watsons.TRV2.DA.MyMaster.csproj", "{3B3DC8AE-9DE9-4DFF-8063-B35F1D97B767}"
EndProject
Project("{9A19103F-16F7-4668-BE54-9A1E7A4F7556}") = "Watsons.TRV2.DA.TR", "Watsons.TRV2.DA.TR\Watsons.TRV2.DA.TR.csproj", "{FF98494C-739A-474D-8901-BD7BBBEFBDD8}"
EndProject
Project("{9A19103F-16F7-4668-BE54-9A1E7A4F7556}") = "Watsons.TRV2.Services.RTS", "Watsons.TRV2.Services.RTS\Watsons.TRV2.Services.RTS.csproj", "{662F378C-8BEE-455D-A51C-2D12B63EB74C}"
EndProject
Project("{9A19103F-16F7-4668-BE54-9A1E7A4F7556}") = "Watsons.TRV2.MSTest", "Watsons.TRV2.MSTest\Watsons.TRV2.MSTest.csproj", "{491F6EE7-E10F-4C88-BB88-534909E38D71}"
EndProject
Project("{9A19103F-16F7-4668-BE54-9A1E7A4F7556}") = "Watsons.TRV2.API.Portal", "Watsons.TRV2.API.Portal\Watsons.TRV2.API.Portal.csproj", "{3A193505-07B0-4CF0-9DCA-436339A4051B}"
EndProject
Project("{9A19103F-16F7-4668-BE54-9A1E7A4F7556}") = "Watsons.TRV2.Services.Portal", "Watsons.TRV2.Services.Portal\Watsons.TRV2.Services.Portal.csproj", "{C83104B1-A704-43FC-BA63-017E81FF0A37}"
EndProject
Project("{9A19103F-16F7-4668-BE54-9A1E7A4F7556}") = "Watsons.TRV2.DA.SysCred", "Watsons.TRV2.DA.SysCred\Watsons.TRV2.DA.SysCred.csproj", "{F6D0DC13-0982-42D8-8B5F-45D9087EB74E}"
EndProject
Project("{9A19103F-16F7-4668-BE54-9A1E7A4F7556}") = "Watsons.TRV2.DA.CashManage", "Watsons.TRV2.DA.CashManage\Watsons.TRV2.DA.CashManage.csproj", "{4185B4FB-2686-449E-B32C-44B44F019EEC}"
EndProject
Project("{9A19103F-16F7-4668-BE54-9A1E7A4F7556}") = "Watsons.TRV2.DTO.Portal", "Watsons.TRV2.DTO.Portal\Watsons.TRV2.DTO.Portal.csproj", "{D62A2CB2-C269-46FF-A90E-6036C18E2C77}"
EndProject
Project("{9A19103F-16F7-4668-BE54-9A1E7A4F7556}") = "Watsons.TRV2.Services.CredEncryptor", "Watsons.TRV2.Services.CredEncryptor\Watsons.TRV2.Services.CredEncryptor.csproj", "{AB0E087D-4D72-4E76-A562-14F28B6F84FA}"
EndProject
Project("{2150E333-8FDC-42A3-9474-1A3956D46DE8}") = "Jobs", "Jobs", "{3DA9E2BD-887C-45EE-AA2F-659C216AD88E}"
EndProject
Project("{FAE04EC0-301F-11D3-BF4B-00C04F79EFBC}") = "Watsons.TRV2.EXE.CreateHhtOrder", "Jobs\Watsons.TRV2.EXE.CreateHhtOrder\Watsons.TRV2.EXE.CreateHhtOrder.csproj", "{B6D68E06-D009-4E1C-A801-E7FB704160C2}"
EndProject
Project("{FAE04EC0-301F-11D3-BF4B-00C04F79EFBC}") = "Watsons.TRV2.EXE.EmailPendingOrder", "Jobs\Watsons.TRV2.EXE.EmailPendingOrder\Watsons.TRV2.EXE.EmailPendingOrder.csproj", "{98D3EB28-32F8-4B12-B191-68662F271DE4}"
EndProject
Project("{FAE04EC0-301F-11D3-BF4B-00C04F79EFBC}") = "Watsons.TRV2.EXE.SubmitB2B", "Jobs\Watsons.TRV2.EXE.SubmitB2B\Watsons.TRV2.EXE.SubmitB2B.csproj", "{D47E02FE-29C1-47ED-B2E5-66B0374214E8}"
EndProject
Global
	GlobalSection(SolutionConfigurationPlatforms) = preSolution
		Debug|Any CPU = Debug|Any CPU
		Release|Any CPU = Release|Any CPU
	EndGlobalSection
	GlobalSection(ProjectConfigurationPlatforms) = postSolution
		{D84DECED-D459-449B-AE7E-C9035BFD6179}.Debug|Any CPU.ActiveCfg = Debug|Any CPU
		{D84DECED-D459-449B-AE7E-C9035BFD6179}.Debug|Any CPU.Build.0 = Debug|Any CPU
		{D84DECED-D459-449B-AE7E-C9035BFD6179}.Release|Any CPU.ActiveCfg = Release|Any CPU
		{D84DECED-D459-449B-AE7E-C9035BFD6179}.Release|Any CPU.Build.0 = Release|Any CPU
		{40E88EC3-E849-4C97-B743-8EAD9DA9BAEF}.Debug|Any CPU.ActiveCfg = Debug|Any CPU
		{40E88EC3-E849-4C97-B743-8EAD9DA9BAEF}.Debug|Any CPU.Build.0 = Debug|Any CPU
		{40E88EC3-E849-4C97-B743-8EAD9DA9BAEF}.Release|Any CPU.ActiveCfg = Release|Any CPU
		{40E88EC3-E849-4C97-B743-8EAD9DA9BAEF}.Release|Any CPU.Build.0 = Release|Any CPU
		{4F44D8FB-F6DC-489A-BE71-670CBD76AE72}.Debug|Any CPU.ActiveCfg = Debug|Any CPU
		{4F44D8FB-F6DC-489A-BE71-670CBD76AE72}.Debug|Any CPU.Build.0 = Debug|Any CPU
		{4F44D8FB-F6DC-489A-BE71-670CBD76AE72}.Release|Any CPU.ActiveCfg = Release|Any CPU
		{4F44D8FB-F6DC-489A-BE71-670CBD76AE72}.Release|Any CPU.Build.0 = Release|Any CPU
		{3B3DC8AE-9DE9-4DFF-8063-B35F1D97B767}.Debug|Any CPU.ActiveCfg = Debug|Any CPU
		{3B3DC8AE-9DE9-4DFF-8063-B35F1D97B767}.Debug|Any CPU.Build.0 = Debug|Any CPU
		{3B3DC8AE-9DE9-4DFF-8063-B35F1D97B767}.Release|Any CPU.ActiveCfg = Release|Any CPU
		{3B3DC8AE-9DE9-4DFF-8063-B35F1D97B767}.Release|Any CPU.Build.0 = Release|Any CPU
		{FF98494C-739A-474D-8901-BD7BBBEFBDD8}.Debug|Any CPU.ActiveCfg = Debug|Any CPU
		{FF98494C-739A-474D-8901-BD7BBBEFBDD8}.Debug|Any CPU.Build.0 = Debug|Any CPU
		{FF98494C-739A-474D-8901-BD7BBBEFBDD8}.Release|Any CPU.ActiveCfg = Release|Any CPU
		{FF98494C-739A-474D-8901-BD7BBBEFBDD8}.Release|Any CPU.Build.0 = Release|Any CPU
		{662F378C-8BEE-455D-A51C-2D12B63EB74C}.Debug|Any CPU.ActiveCfg = Debug|Any CPU
		{662F378C-8BEE-455D-A51C-2D12B63EB74C}.Debug|Any CPU.Build.0 = Debug|Any CPU
		{662F378C-8BEE-455D-A51C-2D12B63EB74C}.Release|Any CPU.ActiveCfg = Release|Any CPU
		{662F378C-8BEE-455D-A51C-2D12B63EB74C}.Release|Any CPU.Build.0 = Release|Any CPU
		{491F6EE7-E10F-4C88-BB88-534909E38D71}.Debug|Any CPU.ActiveCfg = Debug|Any CPU
		{491F6EE7-E10F-4C88-BB88-534909E38D71}.Debug|Any CPU.Build.0 = Debug|Any CPU
		{491F6EE7-E10F-4C88-BB88-534909E38D71}.Release|Any CPU.ActiveCfg = Release|Any CPU
		{491F6EE7-E10F-4C88-BB88-534909E38D71}.Release|Any CPU.Build.0 = Release|Any CPU
		{3A193505-07B0-4CF0-9DCA-436339A4051B}.Debug|Any CPU.ActiveCfg = Debug|Any CPU
		{3A193505-07B0-4CF0-9DCA-436339A4051B}.Debug|Any CPU.Build.0 = Debug|Any CPU
		{3A193505-07B0-4CF0-9DCA-436339A4051B}.Release|Any CPU.ActiveCfg = Release|Any CPU
		{3A193505-07B0-4CF0-9DCA-436339A4051B}.Release|Any CPU.Build.0 = Release|Any CPU
		{C83104B1-A704-43FC-BA63-017E81FF0A37}.Debug|Any CPU.ActiveCfg = Debug|Any CPU
		{C83104B1-A704-43FC-BA63-017E81FF0A37}.Debug|Any CPU.Build.0 = Debug|Any CPU
		{C83104B1-A704-43FC-BA63-017E81FF0A37}.Release|Any CPU.ActiveCfg = Release|Any CPU
		{C83104B1-A704-43FC-BA63-017E81FF0A37}.Release|Any CPU.Build.0 = Release|Any CPU
		{F6D0DC13-0982-42D8-8B5F-45D9087EB74E}.Debug|Any CPU.ActiveCfg = Debug|Any CPU
		{F6D0DC13-0982-42D8-8B5F-45D9087EB74E}.Debug|Any CPU.Build.0 = Debug|Any CPU
		{F6D0DC13-0982-42D8-8B5F-45D9087EB74E}.Release|Any CPU.ActiveCfg = Release|Any CPU
		{F6D0DC13-0982-42D8-8B5F-45D9087EB74E}.Release|Any CPU.Build.0 = Release|Any CPU
		{4185B4FB-2686-449E-B32C-44B44F019EEC}.Debug|Any CPU.ActiveCfg = Debug|Any CPU
		{4185B4FB-2686-449E-B32C-44B44F019EEC}.Debug|Any CPU.Build.0 = Debug|Any CPU
		{4185B4FB-2686-449E-B32C-44B44F019EEC}.Release|Any CPU.ActiveCfg = Release|Any CPU
		{4185B4FB-2686-449E-B32C-44B44F019EEC}.Release|Any CPU.Build.0 = Release|Any CPU
		{D62A2CB2-C269-46FF-A90E-6036C18E2C77}.Debug|Any CPU.ActiveCfg = Debug|Any CPU
		{D62A2CB2-C269-46FF-A90E-6036C18E2C77}.Debug|Any CPU.Build.0 = Debug|Any CPU
		{D62A2CB2-C269-46FF-A90E-6036C18E2C77}.Release|Any CPU.ActiveCfg = Release|Any CPU
		{D62A2CB2-C269-46FF-A90E-6036C18E2C77}.Release|Any CPU.Build.0 = Release|Any CPU
		{AB0E087D-4D72-4E76-A562-14F28B6F84FA}.Debug|Any CPU.ActiveCfg = Debug|Any CPU
		{AB0E087D-4D72-4E76-A562-14F28B6F84FA}.Debug|Any CPU.Build.0 = Debug|Any CPU
		{AB0E087D-4D72-4E76-A562-14F28B6F84FA}.Release|Any CPU.ActiveCfg = Release|Any CPU
		{AB0E087D-4D72-4E76-A562-14F28B6F84FA}.Release|Any CPU.Build.0 = Release|Any CPU
		{B6D68E06-D009-4E1C-A801-E7FB704160C2}.Debug|Any CPU.ActiveCfg = Debug|Any CPU
		{B6D68E06-D009-4E1C-A801-E7FB704160C2}.Debug|Any CPU.Build.0 = Debug|Any CPU
		{B6D68E06-D009-4E1C-A801-E7FB704160C2}.Release|Any CPU.ActiveCfg = Release|Any CPU
		{B6D68E06-D009-4E1C-A801-E7FB704160C2}.Release|Any CPU.Build.0 = Release|Any CPU
		{98D3EB28-32F8-4B12-B191-68662F271DE4}.Debug|Any CPU.ActiveCfg = Debug|Any CPU
		{98D3EB28-32F8-4B12-B191-68662F271DE4}.Debug|Any CPU.Build.0 = Debug|Any CPU
		{98D3EB28-32F8-4B12-B191-68662F271DE4}.Release|Any CPU.ActiveCfg = Release|Any CPU
		{98D3EB28-32F8-4B12-B191-68662F271DE4}.Release|Any CPU.Build.0 = Release|Any CPU
		{D47E02FE-29C1-47ED-B2E5-66B0374214E8}.Debug|Any CPU.ActiveCfg = Debug|Any CPU
		{D47E02FE-29C1-47ED-B2E5-66B0374214E8}.Debug|Any CPU.Build.0 = Debug|Any CPU
		{D47E02FE-29C1-47ED-B2E5-66B0374214E8}.Release|Any CPU.ActiveCfg = Release|Any CPU
		{D47E02FE-29C1-47ED-B2E5-66B0374214E8}.Release|Any CPU.Build.0 = Release|Any CPU
	EndGlobalSection
	GlobalSection(SolutionProperties) = preSolution
		HideSolutionNode = FALSE
	EndGlobalSection
	GlobalSection(NestedProjects) = preSolution
		{B6D68E06-D009-4E1C-A801-E7FB704160C2} = {3DA9E2BD-887C-45EE-AA2F-659C216AD88E}
		{98D3EB28-32F8-4B12-B191-68662F271DE4} = {3DA9E2BD-887C-45EE-AA2F-659C216AD88E}
		{D47E02FE-29C1-47ED-B2E5-66B0374214E8} = {3DA9E2BD-887C-45EE-AA2F-659C216AD88E}
	EndGlobalSection
	GlobalSection(ExtensibilityGlobals) = postSolution
		SolutionGuid = {D09D362A-B768-4B05-A018-A863AA50F7CC}
	EndGlobalSection
EndGlobal
